
Microsoft Visual Studio Solution File, Format Version 12.00
# Visual Studio Version 17
VisualStudioVersion = 17.14.36408.4 d17.14
MinimumVisualStudioVersion = 10.0.40219.1
Project("{FAE04EC0-301F-11D3-BF4B-00C04F79EFBC}") = "Testing_Indexed_db", "Testing_Indexed_db\Testing_Indexed_db\Testing_Indexed_db.csproj", "{EF024966-1500-4E85-A089-CED4557F4BB8}"
EndProject
Project("{FAE04EC0-301F-11D3-BF4B-00C04F79EFBC}") = "Testing_Indexed_db.Shared", "Testing_Indexed_db\Testing_Indexed_db.Shared\Testing_Indexed_db.Shared.csproj", "{D3109C9A-0038-476F-9B72-0268A11102C3}"
EndProject
Project("{FAE04EC0-301F-11D3-BF4B-00C04F79EFBC}") = "Testing_Indexed_db.Web", "Testing_Indexed_db\Testing_Indexed_db.Web\Testing_Indexed_db.Web.csproj", "{F7990AAF-AA57-4BBC-94CE-1D1C8FB9934B}"
EndProject
Global
	GlobalSection(SolutionConfigurationPlatforms) = preSolution
		Debug|Any CPU = Debug|Any CPU
		Release|Any CPU = Release|Any CPU
	EndGlobalSection
	GlobalSection(ProjectConfigurationPlatforms) = postSolution
		{EF024966-1500-4E85-A089-CED4557F4BB8}.Debug|Any CPU.ActiveCfg = Debug|Any CPU
		{EF024966-1500-4E85-A089-CED4557F4BB8}.Debug|Any CPU.Build.0 = Debug|Any CPU
		{EF024966-1500-4E85-A089-CED4557F4BB8}.Release|Any CPU.ActiveCfg = Release|Any CPU
		{EF024966-1500-4E85-A089-CED4557F4BB8}.Release|Any CPU.Build.0 = Release|Any CPU
		{D3109C9A-0038-476F-9B72-0268A11102C3}.Debug|Any CPU.ActiveCfg = Debug|Any CPU
		{D3109C9A-0038-476F-9B72-0268A11102C3}.Debug|Any CPU.Build.0 = Debug|Any CPU
		{D3109C9A-0038-476F-9B72-0268A11102C3}.Release|Any CPU.ActiveCfg = Release|Any CPU
		{D3109C9A-0038-476F-9B72-0268A11102C3}.Release|Any CPU.Build.0 = Release|Any CPU
		{F7990AAF-AA57-4BBC-94CE-1D1C8FB9934B}.Debug|Any CPU.ActiveCfg = Debug|Any CPU
		{F7990AAF-AA57-4BBC-94CE-1D1C8FB9934B}.Debug|Any CPU.Build.0 = Debug|Any CPU
		{F7990AAF-AA57-4BBC-94CE-1D1C8FB9934B}.Release|Any CPU.ActiveCfg = Release|Any CPU
		{F7990AAF-AA57-4BBC-94CE-1D1C8FB9934B}.Release|Any CPU.Build.0 = Release|Any CPU
	EndGlobalSection
	GlobalSection(SolutionProperties) = preSolution
		HideSolutionNode = FALSE
	EndGlobalSection
	GlobalSection(ExtensibilityGlobals) = postSolution
		SolutionGuid = {26D7CADA-7E4E-4D31-BDF4-2AB48277604D}
	EndGlobalSection
EndGlobal
